
Microsoft Visual Studio Solution File, Format Version 12.00
# Visual Studio 15
VisualStudioVersion = 15.0.28010.2016
MinimumVisualStudioVersion = 10.0.40219.1
Project("{FAE04EC0-301F-11D3-BF4B-00C04F79EFBC}") = "ParkBuddies", "ParkBuddies\ParkBuddies.csproj", "{1615D53F-1201-4080-94A0-B03AF49CEDD9}"
EndProject
Global
	GlobalSection(SolutionConfigurationPlatforms) = preSolution
		Debug|Any CPU = Debug|Any CPU
		Release|Any CPU = Release|Any CPU
	EndGlobalSection
	GlobalSection(ProjectConfigurationPlatforms) = postSolution
		{1615D53F-1201-4080-94A0-B03AF49CEDD9}.Debug|Any CPU.ActiveCfg = Debug|Any CPU
		{1615D53F-1201-4080-94A0-B03AF49CEDD9}.Debug|Any CPU.Build.0 = Debug|Any CPU
		{1615D53F-1201-4080-94A0-B03AF49CEDD9}.Release|Any CPU.ActiveCfg = Release|Any CPU
		{1615D53F-1201-4080-94A0-B03AF49CEDD9}.Release|Any CPU.Build.0 = Release|Any CPU
	EndGlobalSection
	GlobalSection(SolutionProperties) = preSolution
		HideSolutionNode = FALSE
	EndGlobalSection
	GlobalSection(ExtensibilityGlobals) = postSolution
		SolutionGuid = {931B7709-B00C-4CFF-9348-532D297B1B6C}
	EndGlobalSection
EndGlobal
